
Microsoft Visual Studio Solution File, Format Version 12.00
Project("{2150E333-8FDC-42A3-9474-1A3956D46DE8}") = "Day 1", "Day 1", "{0B1CD6C9-004C-42E8-AF9C-EC1A4029727B}"
EndProject
Project("{FAE04EC0-301F-11D3-BF4B-00C04F79EFBC}") = "Day1.ListDistance", "Day1.ListDistance\Day1.ListDistance.csproj", "{731B31D5-3EE9-4C8D-A6C1-834661DFB7D0}"
EndProject
Project("{FAE04EC0-301F-11D3-BF4B-00C04F79EFBC}") = "Day1.ListSimilarity", "Day1.ListSimilarity\Day1.ListSimilarity.csproj", "{0091C6A9-EBFC-4121-BF70-54CC0648F83C}"
EndProject
Project("{2150E333-8FDC-42A3-9474-1A3956D46DE8}") = "Day 2", "Day 2", "{2D01C664-3E42-4C99-8EA5-3719E57C9E9F}"
EndProject
Project("{FAE04EC0-301F-11D3-BF4B-00C04F79EFBC}") = "Day2.ReportSafety", "Day2.ReportSafety\Day2.ReportSafety.csproj", "{2E97B0A4-E72D-4049-B857-825D27C2B06A}"
EndProject
Project("{FAE04EC0-301F-11D3-BF4B-00C04F79EFBC}") = "Day2.ReportSafetyDampened", "Day2.ReportSafetyDampened\Day2.ReportSafetyDampened.csproj", "{93592C40-B8C3-42C5-BC03-D5909D669D05}"
EndProject
Project("{2150E333-8FDC-42A3-9474-1A3956D46DE8}") = "Day 3", "Day 3", "{26B24BBE-2F3E-4953-8706-6ACF164A2219}"
EndProject
Project("{FAE04EC0-301F-11D3-BF4B-00C04F79EFBC}") = "Day3.MatchMul", "Day3.MatchMul\Day3.MatchMul.csproj", "{F30D3D55-53D0-41A2-97AC-9E956D9473C0}"
EndProject
Project("{FAE04EC0-301F-11D3-BF4B-00C04F79EFBC}") = "Day3.EnabledMatchMul", "Day3.EnabledMatchMul\Day3.EnabledMatchMul.csproj", "{26943DCA-C6D5-46F5-818A-A8CBC84C4F2E}"
EndProject
Global
	GlobalSection(SolutionConfigurationPlatforms) = preSolution
		Debug|Any CPU = Debug|Any CPU
		Release|Any CPU = Release|Any CPU
	EndGlobalSection
	GlobalSection(NestedProjects) = preSolution
		{731B31D5-3EE9-4C8D-A6C1-834661DFB7D0} = {0B1CD6C9-004C-42E8-AF9C-EC1A4029727B}
		{0091C6A9-EBFC-4121-BF70-54CC0648F83C} = {0B1CD6C9-004C-42E8-AF9C-EC1A4029727B}
		{2E97B0A4-E72D-4049-B857-825D27C2B06A} = {2D01C664-3E42-4C99-8EA5-3719E57C9E9F}
		{93592C40-B8C3-42C5-BC03-D5909D669D05} = {2D01C664-3E42-4C99-8EA5-3719E57C9E9F}
		{F30D3D55-53D0-41A2-97AC-9E956D9473C0} = {26B24BBE-2F3E-4953-8706-6ACF164A2219}
		{26943DCA-C6D5-46F5-818A-A8CBC84C4F2E} = {26B24BBE-2F3E-4953-8706-6ACF164A2219}
	EndGlobalSection
	GlobalSection(ProjectConfigurationPlatforms) = postSolution
		{731B31D5-3EE9-4C8D-A6C1-834661DFB7D0}.Debug|Any CPU.ActiveCfg = Debug|Any CPU
		{731B31D5-3EE9-4C8D-A6C1-834661DFB7D0}.Debug|Any CPU.Build.0 = Debug|Any CPU
		{731B31D5-3EE9-4C8D-A6C1-834661DFB7D0}.Release|Any CPU.ActiveCfg = Release|Any CPU
		{731B31D5-3EE9-4C8D-A6C1-834661DFB7D0}.Release|Any CPU.Build.0 = Release|Any CPU
		{0091C6A9-EBFC-4121-BF70-54CC0648F83C}.Debug|Any CPU.ActiveCfg = Debug|Any CPU
		{0091C6A9-EBFC-4121-BF70-54CC0648F83C}.Debug|Any CPU.Build.0 = Debug|Any CPU
		{0091C6A9-EBFC-4121-BF70-54CC0648F83C}.Release|Any CPU.ActiveCfg = Release|Any CPU
		{0091C6A9-EBFC-4121-BF70-54CC0648F83C}.Release|Any CPU.Build.0 = Release|Any CPU
		{2E97B0A4-E72D-4049-B857-825D27C2B06A}.Debug|Any CPU.ActiveCfg = Debug|Any CPU
		{2E97B0A4-E72D-4049-B857-825D27C2B06A}.Debug|Any CPU.Build.0 = Debug|Any CPU
		{2E97B0A4-E72D-4049-B857-825D27C2B06A}.Release|Any CPU.ActiveCfg = Release|Any CPU
		{2E97B0A4-E72D-4049-B857-825D27C2B06A}.Release|Any CPU.Build.0 = Release|Any CPU
		{93592C40-B8C3-42C5-BC03-D5909D669D05}.Debug|Any CPU.ActiveCfg = Debug|Any CPU
		{93592C40-B8C3-42C5-BC03-D5909D669D05}.Debug|Any CPU.Build.0 = Debug|Any CPU
		{93592C40-B8C3-42C5-BC03-D5909D669D05}.Release|Any CPU.ActiveCfg = Release|Any CPU
		{93592C40-B8C3-42C5-BC03-D5909D669D05}.Release|Any CPU.Build.0 = Release|Any CPU
		{F30D3D55-53D0-41A2-97AC-9E956D9473C0}.Debug|Any CPU.ActiveCfg = Debug|Any CPU
		{F30D3D55-53D0-41A2-97AC-9E956D9473C0}.Debug|Any CPU.Build.0 = Debug|Any CPU
		{F30D3D55-53D0-41A2-97AC-9E956D9473C0}.Release|Any CPU.ActiveCfg = Release|Any CPU
		{F30D3D55-53D0-41A2-97AC-9E956D9473C0}.Release|Any CPU.Build.0 = Release|Any CPU
		{26943DCA-C6D5-46F5-818A-A8CBC84C4F2E}.Debug|Any CPU.ActiveCfg = Debug|Any CPU
		{26943DCA-C6D5-46F5-818A-A8CBC84C4F2E}.Debug|Any CPU.Build.0 = Debug|Any CPU
		{26943DCA-C6D5-46F5-818A-A8CBC84C4F2E}.Release|Any CPU.ActiveCfg = Release|Any CPU
		{26943DCA-C6D5-46F5-818A-A8CBC84C4F2E}.Release|Any CPU.Build.0 = Release|Any CPU
	EndGlobalSection
EndGlobal
